// !$*UTF8*$!
{
	archiveVersion = 1;
	classes = {
	};
	objectVersion = 46;
	objects = {

/* Begin PBXBuildFile section */
		290BEE6F19C36547005BF65E /* Foundation.framework in Frameworks */ = {isa = PBXBuildFile; fileRef = 290BEE6E19C36547005BF65E /* Foundation.framework */; };
		290BEE7119C36547005BF65E /* CoreGraphics.framework in Frameworks */ = {isa = PBXBuildFile; fileRef = 290BEE7019C36547005BF65E /* CoreGraphics.framework */; };
		290BEE7319C36547005BF65E /* UIKit.framework in Frameworks */ = {isa = PBXBuildFile; fileRef = 290BEE7219C36547005BF65E /* UIKit.framework */; };
		290BEE7919C36547005BF65E /* InfoPlist.strings in Resources */ = {isa = PBXBuildFile; fileRef = 290BEE7719C36547005BF65E /* InfoPlist.strings */; };
		290BEE7B19C36547005BF65E /* main.m in Sources */ = {isa = PBXBuildFile; fileRef = 290BEE7A19C36547005BF65E /* main.m */; };
		290BEE7F19C36547005BF65E /* AppDelegate.m in Sources */ = {isa = PBXBuildFile; fileRef = 290BEE7E19C36547005BF65E /* AppDelegate.m */; };
		290BEE8119C36547005BF65E /* Images.xcassets in Resources */ = {isa = PBXBuildFile; fileRef = 290BEE8019C36547005BF65E /* Images.xcassets */; };
		290BEE8819C36547005BF65E /* XCTest.framework in Frameworks */ = {isa = PBXBuildFile; fileRef = 290BEE8719C36547005BF65E /* XCTest.framework */; };
		290BEE8919C36547005BF65E /* Foundation.framework in Frameworks */ = {isa = PBXBuildFile; fileRef = 290BEE6E19C36547005BF65E /* Foundation.framework */; };
		290BEE8A19C36547005BF65E /* UIKit.framework in Frameworks */ = {isa = PBXBuildFile; fileRef = 290BEE7219C36547005BF65E /* UIKit.framework */; };
		290BEE9219C36547005BF65E /* InfoPlist.strings in Resources */ = {isa = PBXBuildFile; fileRef = 290BEE9019C36547005BF65E /* InfoPlist.strings */; };
		290BEE9419C36547005BF65E /* Shop_MenuTests.m in Sources */ = {isa = PBXBuildFile; fileRef = 290BEE9319C36547005BF65E /* Shop_MenuTests.m */; };
/* End PBXBuildFile section */

/* Begin PBXContainerItemProxy section */
		290BEE8B19C36547005BF65E /* PBXContainerItemProxy */ = {
			isa = PBXContainerItemProxy;
			containerPortal = 290BEE6319C36547005BF65E /* Project object */;
			proxyType = 1;
			remoteGlobalIDString = 290BEE6A19C36547005BF65E;
			remoteInfo = "Shop-Menu";
		};
/* End PBXContainerItemProxy section */

/* Begin PBXFileReference section */
		290BEE6B19C36547005BF65E /* Shop-Menu.app */ = {isa = PBXFileReference; explicitFileType = wrapper.application; includeInIndex = 0; path = "Shop-Menu.app"; sourceTree = BUILT_PRODUCTS_DIR; };
		290BEE6E19C36547005BF65E /* Foundation.framework */ = {isa = PBXFileReference; lastKnownFileType = wrapper.framework; name = Foundation.framework; path = System/Library/Frameworks/Foundation.framework; sourceTree = SDKROOT; };
		290BEE7019C36547005BF65E /* CoreGraphics.framework */ = {isa = PBXFileReference; lastKnownFileType = wrapper.framework; name = CoreGraphics.framework; path = System/Library/Frameworks/CoreGraphics.framework; sourceTree = SDKROOT; };
		290BEE7219C36547005BF65E /* UIKit.framework */ = {isa = PBXFileReference; lastKnownFileType = wrapper.framework; name = UIKit.framework; path = System/Library/Frameworks/UIKit.framework; sourceTree = SDKROOT; };
		290BEE7619C36547005BF65E /* Shop-Menu-Info.plist */ = {isa = PBXFileReference; lastKnownFileType = text.plist.xml; path = "Shop-Menu-Info.plist"; sourceTree = "<group>"; };
		290BEE7819C36547005BF65E /* en */ = {isa = PBXFileReference; lastKnownFileType = text.plist.strings; name = en; path = en.lproj/InfoPlist.strings; sourceTree = "<group>"; };
		290BEE7A19C36547005BF65E /* main.m */ = {isa = PBXFileReference; lastKnownFileType = sourcecode.c.objc; path = main.m; sourceTree = "<group>"; };
		290BEE7C19C36547005BF65E /* Shop-Menu-Prefix.pch */ = {isa = PBXFileReference; lastKnownFileType = sourcecode.c.h; path = "Shop-Menu-Prefix.pch"; sourceTree = "<group>"; };
		290BEE7D19C36547005BF65E /* AppDelegate.h */ = {isa = PBXFileReference; lastKnownFileType = sourcecode.c.h; path = AppDelegate.h; sourceTree = "<group>"; };
		290BEE7E19C36547005BF65E /* AppDelegate.m */ = {isa = PBXFileReference; lastKnownFileType = sourcecode.c.objc; path = AppDelegate.m; sourceTree = "<group>"; };
		290BEE8019C36547005BF65E /* Images.xcassets */ = {isa = PBXFileReference; lastKnownFileType = folder.assetcatalog; path = Images.xcassets; sourceTree = "<group>"; };
		290BEE8619C36547005BF65E /* Shop-MenuTests.xctest */ = {isa = PBXFileReference; explicitFileType = wrapper.cfbundle; includeInIndex = 0; path = "Shop-MenuTests.xctest"; sourceTree = BUILT_PRODUCTS_DIR; };
		290BEE8719C36547005BF65E /* XCTest.framework */ = {isa = PBXFileReference; lastKnownFileType = wrapper.framework; name = XCTest.framework; path = Library/Frameworks/XCTest.framework; sourceTree = DEVELOPER_DIR; };
		290BEE8F19C36547005BF65E /* Shop-MenuTests-Info.plist */ = {isa = PBXFileReference; lastKnownFileType = text.plist.xml; path = "Shop-MenuTests-Info.plist"; sourceTree = "<group>"; };
		290BEE9119C36547005BF65E /* en */ = {isa = PBXFileReference; lastKnownFileType = text.plist.strings; name = en; path = en.lproj/InfoPlist.strings; sourceTree = "<group>"; };
		290BEE9319C36547005BF65E /* Shop_MenuTests.m */ = {isa = PBXFileReference; lastKnownFileType = sourcecode.c.objc; path = Shop_MenuTests.m; sourceTree = "<group>"; };
/* End PBXFileReference section */

/* Begin PBXFrameworksBuildPhase section */
		290BEE6819C36547005BF65E /* Frameworks */ = {
			isa = PBXFrameworksBuildPhase;
			buildActionMask = 2147483647;
			files = (
				290BEE7119C36547005BF65E /* CoreGraphics.framework in Frameworks */,
				290BEE7319C36547005BF65E /* UIKit.framework in Frameworks */,
				290BEE6F19C36547005BF65E /* Foundation.framework in Frameworks */,
			);
			runOnlyForDeploymentPostprocessing = 0;
		};
		290BEE8319C36547005BF65E /* Frameworks */ = {
			isa = PBXFrameworksBuildPhase;
			buildActionMask = 2147483647;
			files = (
				290BEE8819C36547005BF65E /* XCTest.framework in Frameworks */,
				290BEE8A19C36547005BF65E /* UIKit.framework in Frameworks */,
				290BEE8919C36547005BF65E /* Foundation.framework in Frameworks */,
			);
			runOnlyForDeploymentPostprocessing = 0;
		};
/* End PBXFrameworksBuildPhase section */

/* Begin PBXGroup section */
		290BEE6219C36547005BF65E = {
			isa = PBXGroup;
			children = (
				290BEE7419C36547005BF65E /* Shop-Menu */,
				290BEE8D19C36547005BF65E /* Shop-MenuTests */,
				290BEE6D19C36547005BF65E /* Frameworks */,
				290BEE6C19C36547005BF65E /* Products */,
			);
			sourceTree = "<group>";
		};
		290BEE6C19C36547005BF65E /* Products */ = {
			isa = PBXGroup;
			children = (
				290BEE6B19C36547005BF65E /* Shop-Menu.app */,
				290BEE8619C36547005BF65E /* Shop-MenuTests.xctest */,
			);
			name = Products;
			sourceTree = "<group>";
		};
		290BEE6D19C36547005BF65E /* Frameworks */ = {
			isa = PBXGroup;
			children = (
				290BEE6E19C36547005BF65E /* Foundation.framework */,
				290BEE7019C36547005BF65E /* CoreGraphics.framework */,
				290BEE7219C36547005BF65E /* UIKit.framework */,
				290BEE8719C36547005BF65E /* XCTest.framework */,
			);
			name = Frameworks;
			sourceTree = "<group>";
		};
		290BEE7419C36547005BF65E /* Shop-Menu */ = {
			isa = PBXGroup;
			children = (
				290BEE7D19C36547005BF65E /* AppDelegate.h */,
				290BEE7E19C36547005BF65E /* AppDelegate.m */,
				290BEE8019C36547005BF65E /* Images.xcassets */,
				290BEE7519C36547005BF65E /* Supporting Files */,
			);
			path = "Shop-Menu";
			sourceTree = "<group>";
		};
		290BEE7519C36547005BF65E /* Supporting Files */ = {
			isa = PBXGroup;
			children = (
				290BEE7619C36547005BF65E /* Shop-Menu-Info.plist */,
				290BEE7719C36547005BF65E /* InfoPlist.strings */,
				290BEE7A19C36547005BF65E /* main.m */,
				290BEE7C19C36547005BF65E /* Shop-Menu-Prefix.pch */,
			);
			name = "Supporting Files";
			sourceTree = "<group>";
		};
		290BEE8D19C36547005BF65E /* Shop-MenuTests */ = {
			isa = PBXGroup;
			children = (
				290BEE9319C36547005BF65E /* Shop_MenuTests.m */,
				290BEE8E19C36547005BF65E /* Supporting Files */,
			);
			path = "Shop-MenuTests";
			sourceTree = "<group>";
		};
		290BEE8E19C36547005BF65E /* Supporting Files */ = {
			isa = PBXGroup;
			children = (
				290BEE8F19C36547005BF65E /* Shop-MenuTests-Info.plist */,
				290BEE9019C36547005BF65E /* InfoPlist.strings */,
			);
			name = "Supporting Files";
			sourceTree = "<group>";
		};
/* End PBXGroup section */

/* Begin PBXNativeTarget section */
		290BEE6A19C36547005BF65E /* Shop-Menu */ = {
			isa = PBXNativeTarget;
			buildConfigurationList = 290BEE9719C36547005BF65E /* Build configuration list for PBXNativeTarget "Shop-Menu" */;
			buildPhases = (
				290BEE6719C36547005BF65E /* Sources */,
				290BEE6819C36547005BF65E /* Frameworks */,
				290BEE6919C36547005BF65E /* Resources */,
			);
			buildRules = (
			);
			dependencies = (
			);
			name = "Shop-Menu";
			productName = "Shop-Menu";
			productReference = 290BEE6B19C36547005BF65E /* Shop-Menu.app */;
			productType = "com.apple.product-type.application";
		};
		290BEE8519C36547005BF65E /* Shop-MenuTests */ = {
			isa = PBXNativeTarget;
			buildConfigurationList = 290BEE9A19C36547005BF65E /* Build configuration list for PBXNativeTarget "Shop-MenuTests" */;
			buildPhases = (
				290BEE8219C36547005BF65E /* Sources */,
				290BEE8319C36547005BF65E /* Frameworks */,
				290BEE8419C36547005BF65E /* Resources */,
			);
			buildRules = (
			);
			dependencies = (
				290BEE8C19C36547005BF65E /* PBXTargetDependency */,
			);
			name = "Shop-MenuTests";
			productName = "Shop-MenuTests";
			productReference = 290BEE8619C36547005BF65E /* Shop-MenuTests.xctest */;
			productType = "com.apple.product-type.bundle.unit-test";
		};
/* End PBXNativeTarget section */

/* Begin PBXProject section */
		290BEE6319C36547005BF65E /* Project object */ = {
			isa = PBXProject;
			attributes = {
				LastUpgradeCheck = 0510;
				ORGANIZATIONNAME = James.Dunay;
				TargetAttributes = {
					290BEE8519C36547005BF65E = {
						TestTargetID = 290BEE6A19C36547005BF65E;
					};
				};
			};
			buildConfigurationList = 290BEE6619C36547005BF65E /* Build configuration list for PBXProject "Shop-Menu" */;
			compatibilityVersion = "Xcode 3.2";
			developmentRegion = English;
			hasScannedForEncodings = 0;
			knownRegions = (
				en,
			);
			mainGroup = 290BEE6219C36547005BF65E;
			productRefGroup = 290BEE6C19C36547005BF65E /* Products */;
			projectDirPath = "";
			projectRoot = "";
			targets = (
				290BEE6A19C36547005BF65E /* Shop-Menu */,
				290BEE8519C36547005BF65E /* Shop-MenuTests */,
			);
		};
/* End PBXProject section */

/* Begin PBXResourcesBuildPhase section */
		290BEE6919C36547005BF65E /* Resources */ = {
			isa = PBXResourcesBuildPhase;
			buildActionMask = 2147483647;
			files = (
				290BEE7919C36547005BF65E /* InfoPlist.strings in Resources */,
				290BEE8119C36547005BF65E /* Images.xcassets in Resources */,
			);
			runOnlyForDeploymentPostprocessing = 0;
		};
		290BEE8419C36547005BF65E /* Resources */ = {
			isa = PBXResourcesBuildPhase;
			buildActionMask = 2147483647;
			files = (
				290BEE9219C36547005BF65E /* InfoPlist.strings in Resources */,
			);
			runOnlyForDeploymentPostprocessing = 0;
		};
/* End PBXResourcesBuildPhase section */

/* Begin PBXSourcesBuildPhase section */
		290BEE6719C36547005BF65E /* Sources */ = {
			isa = PBXSourcesBuildPhase;
			buildActionMask = 2147483647;
			files = (
				290BEE7F19C36547005BF65E /* AppDelegate.m in Sources */,
				290BEE7B19C36547005BF65E /* main.m in Sources */,
			);
			runOnlyForDeploymentPostprocessing = 0;
		};
		290BEE8219C36547005BF65E /* Sources */ = {
			isa = PBXSourcesBuildPhase;
			buildActionMask = 2147483647;
			files = (
				290BEE9419C36547005BF65E /* Shop_MenuTests.m in Sources */,
			);
			runOnlyForDeploymentPostprocessing = 0;
		};
/* End PBXSourcesBuildPhase section */

/* Begin PBXTargetDependency section */
		290BEE8C19C36547005BF65E /* PBXTargetDependency */ = {
			isa = PBXTargetDependency;
			target = 290BEE6A19C36547005BF65E /* Shop-Menu */;
			targetProxy = 290BEE8B19C36547005BF65E /* PBXContainerItemProxy */;
		};
/* End PBXTargetDependency section */

/* Begin PBXVariantGroup section */
		290BEE7719C36547005BF65E /* InfoPlist.strings */ = {
			isa = PBXVariantGroup;
			children = (
				290BEE7819C36547005BF65E /* en */,
			);
			name = InfoPlist.strings;
			sourceTree = "<group>";
		};
		290BEE9019C36547005BF65E /* InfoPlist.strings */ = {
			isa = PBXVariantGroup;
			children = (
				290BEE9119C36547005BF65E /* en */,
			);
			name = InfoPlist.strings;
			sourceTree = "<group>";
		};
/* End PBXVariantGroup section */

/* Begin XCBuildConfiguration section */
		290BEE9519C36547005BF65E /* Debug */ = {
			isa = XCBuildConfiguration;
			buildSettings = {
				ALWAYS_SEARCH_USER_PATHS = NO;
				CLANG_CXX_LANGUAGE_STANDARD = "gnu++0x";
				CLANG_CXX_LIBRARY = "libc++";
				CLANG_ENABLE_MODULES = YES;
				CLANG_ENABLE_OBJC_ARC = YES;
				CLANG_WARN_BOOL_CONVERSION = YES;
				CLANG_WARN_CONSTANT_CONVERSION = YES;
				CLANG_WARN_DIRECT_OBJC_ISA_USAGE = YES_ERROR;
				CLANG_WARN_EMPTY_BODY = YES;
				CLANG_WARN_ENUM_CONVERSION = YES;
				CLANG_WARN_INT_CONVERSION = YES;
				CLANG_WARN_OBJC_ROOT_CLASS = YES_ERROR;
				CLANG_WARN__DUPLICATE_METHOD_MATCH = YES;
				"CODE_SIGN_IDENTITY[sdk=iphoneos*]" = "iPhone Developer";
				COPY_PHASE_STRIP = NO;
				GCC_C_LANGUAGE_STANDARD = gnu99;
				GCC_DYNAMIC_NO_PIC = NO;
				GCC_OPTIMIZATION_LEVEL = 0;
				GCC_PREPROCESSOR_DEFINITIONS = (
					"DEBUG=1",
					"$(inherited)",
				);
				GCC_SYMBOLS_PRIVATE_EXTERN = NO;
				GCC_WARN_64_TO_32_BIT_CONVERSION = YES;
				GCC_WARN_ABOUT_RETURN_TYPE = YES_ERROR;
				GCC_WARN_UNDECLARED_SELECTOR = YES;
				GCC_WARN_UNINITIALIZED_AUTOS = YES_AGGRESSIVE;
				GCC_WARN_UNUSED_FUNCTION = YES;
				GCC_WARN_UNUSED_VARIABLE = YES;
				IPHONEOS_DEPLOYMENT_TARGET = 7.1;
				ONLY_ACTIVE_ARCH = YES;
				SDKROOT = iphoneos;
				TARGETED_DEVICE_FAMILY = "1,2";
			};
			name = Debug;
		};
		290BEE9619C36547005BF65E /* Release */ = {
			isa = XCBuildConfiguration;
			buildSettings = {
				ALWAYS_SEARCH_USER_PATHS = NO;
				CLANG_CXX_LANGUAGE_STANDARD = "gnu++0x";
				CLANG_CXX_LIBRARY = "libc++";
				CLANG_ENABLE_MODULES = YES;
				CLANG_ENABLE_OBJC_ARC = YES;
				CLANG_WARN_BOOL_CONVERSION = YES;
				CLANG_WARN_CONSTANT_CONVERSION = YES;
				CLANG_WARN_DIRECT_OBJC_ISA_USAGE = YES_ERROR;
				CLANG_WARN_EMPTY_BODY = YES;
				CLANG_WARN_ENUM_CONVERSION = YES;
				CLANG_WARN_INT_CONVERSION = YES;
				CLANG_WARN_OBJC_ROOT_CLASS = YES_ERROR;
				CLANG_WARN__DUPLICATE_METHOD_MATCH = YES;
				"CODE_SIGN_IDENTITY[sdk=iphoneos*]" = "iPhone Developer";
				COPY_PHASE_STRIP = YES;
				ENABLE_NS_ASSERTIONS = NO;
				GCC_C_LANGUAGE_STANDARD = gnu99;
				GCC_WARN_64_TO_32_BIT_CONVERSION = YES;
				GCC_WARN_ABOUT_RETURN_TYPE = YES_ERROR;
				GCC_WARN_UNDECLARED_SELECTOR = YES;
				GCC_WARN_UNINITIALIZED_AUTOS = YES_AGGRESSIVE;
				GCC_WARN_UNUSED_FUNCTION = YES;
				GCC_WARN_UNUSED_VARIABLE = YES;
				IPHONEOS_DEPLOYMENT_TARGET = 7.1;
				SDKROOT = iphoneos;
				TARGETED_DEVICE_FAMILY = "1,2";
				VALIDATE_PRODUCT = YES;
			};
			name = Release;
		};
		290BEE9819C36547005BF65E /* Debug */ = {
			isa = XCBuildConfiguration;
			buildSettings = {
				ASSETCATALOG_COMPILER_APPICON_NAME = AppIcon;
				ASSETCATALOG_COMPILER_LAUNCHIMAGE_NAME = LaunchImage;
				GCC_PRECOMPILE_PREFIX_HEADER = YES;
				GCC_PREFIX_HEADER = "Shop-Menu/Shop-Menu-Prefix.pch";
				INFOPLIST_FILE = "Shop-Menu/Shop-Menu-Info.plist";
				PRODUCT_NAME = "$(TARGET_NAME)";
				WRAPPER_EXTENSION = app;
			};
			name = Debug;
		};
		290BEE9919C36547005BF65E /* Release */ = {
			isa = XCBuildConfiguration;
			buildSettings = {
				ASSETCATALOG_COMPILER_APPICON_NAME = AppIcon;
				ASSETCATALOG_COMPILER_LAUNCHIMAGE_NAME = LaunchImage;
				GCC_PRECOMPILE_PREFIX_HEADER = YES;
				GCC_PREFIX_HEADER = "Shop-Menu/Shop-Menu-Prefix.pch";
				INFOPLIST_FILE = "Shop-Menu/Shop-Menu-Info.plist";
				PRODUCT_NAME = "$(TARGET_NAME)";
				WRAPPER_EXTENSION = app;
			};
			name = Release;
		};
		290BEE9B19C36547005BF65E /* Debug */ = {
			isa = XCBuildConfiguration;
			buildSettings = {
				BUNDLE_LOADER = "$(BUILT_PRODUCTS_DIR)/Shop-Menu.app/Shop-Menu";
				FRAMEWORK_SEARCH_PATHS = (
					"$(SDKROOT)/Developer/Library/Frameworks",
					"$(inherited)",
					"$(DEVELOPER_FRAMEWORKS_DIR)",
				);
				GCC_PRECOMPILE_PREFIX_HEADER = YES;
				GCC_PREFIX_HEADER = "Shop-Menu/Shop-Menu-Prefix.pch";
				GCC_PREPROCESSOR_DEFINITIONS = (
					"DEBUG=1",
					"$(inherited)",
				);
				INFOPLIST_FILE = "Shop-MenuTests/Shop-MenuTests-Info.plist";
				PRODUCT_NAME = "$(TARGET_NAME)";
				TEST_HOST = "$(BUNDLE_LOADER)";
				WRAPPER_EXTENSION = xctest;
			};
			name = Debug;
		};
		290BEE9C19C36547005BF65E /* Release */ = {
			isa = XCBuildConfiguration;
			buildSettings = {
				BUNDLE_LOADER = "$(BUILT_PRODUCTS_DIR)/Shop-Menu.app/Shop-Menu";
				FRAMEWORK_SEARCH_PATHS = (
					"$(SDKROOT)/Developer/Library/Frameworks",
					"$(inherited)",
					"$(DEVELOPER_FRAMEWORKS_DIR)",
				);
				GCC_PRECOMPILE_PREFIX_HEADER = YES;
				GCC_PREFIX_HEADER = "Shop-Menu/Shop-Menu-Prefix.pch";
				INFOPLIST_FILE = "Shop-MenuTests/Shop-MenuTests-Info.plist";
				PRODUCT_NAME = "$(TARGET_NAME)";
				TEST_HOST = "$(BUNDLE_LOADER)";
				WRAPPER_EXTENSION = xctest;
			};
			name = Release;
		};
/* End XCBuildConfiguration section */

/* Begin XCConfigurationList section */
		290BEE6619C36547005BF65E /* Build configuration list for PBXProject "Shop-Menu" */ = {
			isa = XCConfigurationList;
			buildConfigurations = (
				290BEE9519C36547005BF65E /* Debug */,
				290BEE9619C36547005BF65E /* Release */,
			);
			defaultConfigurationIsVisible = 0;
			defaultConfigurationName = Release;
		};
		290BEE9719C36547005BF65E /* Build configuration list for PBXNativeTarget "Shop-Menu" */ = {
			isa = XCConfigurationList;
			buildConfigurations = (
				290BEE9819C36547005BF65E /* Debug */,
				290BEE9919C36547005BF65E /* Release */,
			);
			defaultConfigurationIsVisible = 0;
		};
		290BEE9A19C36547005BF65E /* Build configuration list for PBXNativeTarget "Shop-MenuTests" */ = {
			isa = XCConfigurationList;
			buildConfigurations = (
				290BEE9B19C36547005BF65E /* Debug */,
				290BEE9C19C36547005BF65E /* Release */,
			);
			defaultConfigurationIsVisible = 0;
		};
/* End XCConfigurationList section */
	};
	rootObject = 290BEE6319C36547005BF65E /* Project object */;
}
